{
    "name": "rockwrap",
    "version": "1.0.0",
    "lockfileVersion": 3,
    "requires": true,
    "packages": {
        "": {
            "name": "rockwrap",
            "version": "1.0.0",
            "license": "ISC",
            "dependencies": {
                "@minecraft/server": "^1.14.0-beta.1.21.20-stable",
                "@minecraft/server-net": "^1.0.0-beta.1.21.20-stable",
                "@minecraft/server-ui": "^1.3.0-beta.1.21.20-stable"
            }
        },
        "node_modules/@minecraft/common": {
            "version": "1.2.0",
            "resolved": "https://registry.npmjs.org/@minecraft/common/-/common-1.2.0.tgz",
            "integrity": "sha512-JdmEq4P3Z/FtoBzhLijFgMSVFnFRrUoLwY8DHHrgtFo0mfLTOLTB1RErYjLMsA6b7BGVNxkX/pfFRiH7QZ0XwQ==",
            "license": "MIT"
        },
        "node_modules/@minecraft/server": {
            "version": "1.14.0-beta.1.21.20-stable",
            "resolved": "https://registry.npmjs.org/@minecraft/server/-/server-1.14.0-beta.1.21.20-stable.tgz",
            "integrity": "sha512-FczVv4P7Qq9UZf+RTaProO43elCeCJ1/4C8z1uLQhQGx2Q+onTpp+2z10K+VrdMSooEMRIBndFhM0hw0e/SDXw==",
            "license": "MIT",
            "dependencies": {
                "@minecraft/common": "^1.1.0"
            }
        },
        "node_modules/@minecraft/server-admin": {
            "version": "1.0.0-beta.11940b24",
            "resolved": "https://registry.npmjs.org/@minecraft/server-admin/-/server-admin-1.0.0-beta.11940b24.tgz",
            "integrity": "sha512-UZ8YyB8mvF31f22+uM67gJums9d6NDgz9AQ2l4a++EHUP9uen0m3aaBaqM9RyumJpRBJbv/hslAKOyeDT01qew==",
            "license": "MIT"
        },
        "node_modules/@minecraft/server-net": {
            "version": "1.0.0-beta.1.21.20-stable",
            "resolved": "https://registry.npmjs.org/@minecraft/server-net/-/server-net-1.0.0-beta.1.21.20-stable.tgz",
            "integrity": "sha512-kpnY8N2UIULskoAL5iAsNHU+21l2CyHmuK2mYQpdVRQB75GyQhs0BB2+JOZDs+H8WLb8JyyqNu3MgVT+u6PaaA==",
            "license": "MIT",
            "dependencies": {
                "@minecraft/common": "^1.0.0",
                "@minecraft/server-admin": "^1.0.0-beta.1.21.20-stable"
            }
        },
        "node_modules/@minecraft/server-ui": {
            "version": "1.3.0-beta.1.21.20-stable",
            "resolved": "https://registry.npmjs.org/@minecraft/server-ui/-/server-ui-1.3.0-beta.1.21.20-stable.tgz",
            "integrity": "sha512-brESKHzcEXVhqeoHnnxXn8v/RGZ0Vxrr+IRsfV8qEDLu0J8KAYt513ZxowbU8QOQ4u962iwexWiwgR4usP8RDQ==",
            "license": "MIT",
            "dependencies": {
                "@minecraft/common": "^1.0.0",
                "@minecraft/server": "^1.8.0"
            }
        },
        "node_modules/@minecraft/server-ui/node_modules/@minecraft/server": {
            "version": "1.13.0",
            "resolved": "https://registry.npmjs.org/@minecraft/server/-/server-1.13.0.tgz",
            "integrity": "sha512-LYmYRLjZZ5b+AO2GArQorBBo6Ad18ZmdoK2jx7mmo7Jo/gFXLiSq2xEJuLb5WBXTaBg4rBiersQiAbTj3QjNHQ==",
            "license": "MIT",
            "dependencies": {
                "@minecraft/common": "^1.1.0"
            }
        }
    }
}
