{
    "name": "rockwrap",
    "version": "1.0.9",
    "lockfileVersion": 3,
    "requires": true,
    "packages": {
        "node_modules/@minecraft/common": {
            "version": "1.2.0",
            "resolved": "https://registry.npmjs.org/@minecraft/common/-/common-1.2.0.tgz",
            "integrity": "sha512-JdmEq4P3Z/FtoBzhLijFgMSVFnFRrUoLwY8DHHrgtFo0mfLTOLTB1RErYjLMsA6b7BGVNxkX/pfFRiH7QZ0XwQ==",
            "license": "MIT"
        },
        "node_modules/@minecraft/server": {
            "version": "1.16.0-rc.1.21.50-preview.26",
            "resolved": "https://registry.npmjs.org/@minecraft/server/-/server-1.16.0-rc.1.21.50-preview.26.tgz",
            "integrity": "sha512-e8lr0rIjr6LBD+kDzBsi9ZMztqetmH7wrPljRWcACWBe+sQW4ClMrA2t8N3OqaIz8H2cOedrXvbaKBi/ajp07w==",
            "license": "MIT",
            "dependencies": {
                "@minecraft/common": "^1.1.0"
            }
        },
        "node_modules/@minecraft/server-admin": {
            "version": "1.0.0-beta.11940b24",
            "resolved": "https://registry.npmjs.org/@minecraft/server-admin/-/server-admin-1.0.0-beta.11940b24.tgz",
            "integrity": "sha512-UZ8YyB8mvF31f22+uM67gJums9d6NDgz9AQ2l4a++EHUP9uen0m3aaBaqM9RyumJpRBJbv/hslAKOyeDT01qew==",
            "license": "MIT"
        },
        "node_modules/@minecraft/server-net": {
            "version": "1.0.0-beta.11940b24",
            "resolved": "https://registry.npmjs.org/@minecraft/server-net/-/server-net-1.0.0-beta.11940b24.tgz",
            "integrity": "sha512-jiL03mGNpADCfvPDyydheEAhdi7J++nx5nB7Gyu3GImDlV5pv9uTwKCrnmILrLs4qJTtxhuRLKBKRlVyYDpKMw==",
            "license": "MIT",
            "dependencies": {
                "@minecraft/server-admin": "1.0.0-beta.11940b24"
            }
        },
        "node_modules/@minecraft/server-ui": {
            "version": "1.4.0-beta.1.21.50-preview.26",
            "resolved": "https://registry.npmjs.org/@minecraft/server-ui/-/server-ui-1.4.0-beta.1.21.50-preview.26.tgz",
            "integrity": "sha512-x9ywJvkl30SjgG/yrZf+RDrz4kaBRQO8CEGojaerqe6vo6DHoHkL84jMDL8/2j+o1xUJHl3yYewlLVnQA0y4jg==",
            "license": "MIT",
            "dependencies": {
                "@minecraft/common": "^1.0.0",
                "@minecraft/server": "^1.8.0"
            }
        },
        "node_modules/@minecraft/server-ui/node_modules/@minecraft/server": {
            "version": "1.13.0",
            "resolved": "https://registry.npmjs.org/@minecraft/server/-/server-1.13.0.tgz",
            "integrity": "sha512-LYmYRLjZZ5b+AO2GArQorBBo6Ad18ZmdoK2jx7mmo7Jo/gFXLiSq2xEJuLb5WBXTaBg4rBiersQiAbTj3QjNHQ==",
            "license": "MIT",
            "dependencies": {
                "@minecraft/common": "^1.1.0"
            }
        }
    }
}
